
Microsoft Visual Studio Solution File, Format Version 12.00
# Visual Studio Version 17
VisualStudioVersion = 17.4.33213.308
MinimumVisualStudioVersion = 10.0.40219.1
Project("{FAE04EC0-301F-11D3-BF4B-00C04F79EFBC}") = "DibraServer", "DibraServer\DibraServer.csproj", "{C164C470-852F-49FB-8FA5-C3ED72E0C639}"
EndProject
Global
	GlobalSection(SolutionConfigurationPlatforms) = preSolution
		Debug|Any CPU = Debug|Any CPU
		Release|Any CPU = Release|Any CPU
	EndGlobalSection
	GlobalSection(ProjectConfigurationPlatforms) = postSolution
		{C164C470-852F-49FB-8FA5-C3ED72E0C639}.Debug|Any CPU.ActiveCfg = Debug|Any CPU
		{C164C470-852F-49FB-8FA5-C3ED72E0C639}.Debug|Any CPU.Build.0 = Debug|Any CPU
		{C164C470-852F-49FB-8FA5-C3ED72E0C639}.Release|Any CPU.ActiveCfg = Release|Any CPU
		{C164C470-852F-49FB-8FA5-C3ED72E0C639}.Release|Any CPU.Build.0 = Release|Any CPU
	EndGlobalSection
	GlobalSection(SolutionProperties) = preSolution
		HideSolutionNode = FALSE
	EndGlobalSection
	GlobalSection(ExtensibilityGlobals) = postSolution
		SolutionGuid = {2A69B70E-62C1-4B72-9413-11DA56AA9214}
	EndGlobalSection
EndGlobal
